// !$*UTF8*$!
{
	archiveVersion = 1;
	classes = {
	};
	objectVersion = 55;
	objects = {

/* Begin PBXBuildFile section */
		6EEDE3BB28E22EE6007C35DD /* AppDelegate.swift in Sources */ = {isa = PBXBuildFile; fileRef = 6EEDE3BA28E22EE6007C35DD /* AppDelegate.swift */; };
		6EEDE3C428E22EE9007C35DD /* Assets.xcassets in Resources */ = {isa = PBXBuildFile; fileRef = 6EEDE3C328E22EE9007C35DD /* Assets.xcassets */; };
		6EEDE3C728E22EE9007C35DD /* LaunchScreen.storyboard in Resources */ = {isa = PBXBuildFile; fileRef = 6EEDE3C528E22EE9007C35DD /* LaunchScreen.storyboard */; };
		6EEDE3D928E233F5007C35DD /* HomeViewController.swift in Sources */ = {isa = PBXBuildFile; fileRef = 6EEDE3D728E233F5007C35DD /* HomeViewController.swift */; };
		6EEDE3DA28E233F5007C35DD /* HomeViewController.xib in Resources */ = {isa = PBXBuildFile; fileRef = 6EEDE3D828E233F5007C35DD /* HomeViewController.xib */; };
		6EEDE3DC28E38BA7007C35DD /* UIButtonExtension.swift in Sources */ = {isa = PBXBuildFile; fileRef = 6EEDE3DB28E38BA7007C35DD /* UIButtonExtension.swift */; };
/* End PBXBuildFile section */

/* Begin PBXFileReference section */
		6EEDE3B728E22EE6007C35DD /* IOS-Calculator.app */ = {isa = PBXFileReference; explicitFileType = wrapper.application; includeInIndex = 0; path = "IOS-Calculator.app"; sourceTree = BUILT_PRODUCTS_DIR; };
		6EEDE3BA28E22EE6007C35DD /* AppDelegate.swift */ = {isa = PBXFileReference; lastKnownFileType = sourcecode.swift; path = AppDelegate.swift; sourceTree = "<group>"; };
		6EEDE3C328E22EE9007C35DD /* Assets.xcassets */ = {isa = PBXFileReference; lastKnownFileType = folder.assetcatalog; path = Assets.xcassets; sourceTree = "<group>"; };
		6EEDE3C628E22EE9007C35DD /* Base */ = {isa = PBXFileReference; lastKnownFileType = file.storyboard; name = Base; path = Base.lproj/LaunchScreen.storyboard; sourceTree = "<group>"; };
		6EEDE3C828E22EE9007C35DD /* Info.plist */ = {isa = PBXFileReference; lastKnownFileType = text.plist.xml; path = Info.plist; sourceTree = "<group>"; };
		6EEDE3D728E233F5007C35DD /* HomeViewController.swift */ = {isa = PBXFileReference; lastKnownFileType = sourcecode.swift; path = HomeViewController.swift; sourceTree = "<group>"; };
		6EEDE3D828E233F5007C35DD /* HomeViewController.xib */ = {isa = PBXFileReference; lastKnownFileType = file.xib; path = HomeViewController.xib; sourceTree = "<group>"; };
		6EEDE3DB28E38BA7007C35DD /* UIButtonExtension.swift */ = {isa = PBXFileReference; lastKnownFileType = sourcecode.swift; path = UIButtonExtension.swift; sourceTree = "<group>"; };
/* End PBXFileReference section */

/* Begin PBXFrameworksBuildPhase section */
		6EEDE3B428E22EE6007C35DD /* Frameworks */ = {
			isa = PBXFrameworksBuildPhase;
			buildActionMask = 2147483647;
			files = (
			);
			runOnlyForDeploymentPostprocessing = 0;
		};
/* End PBXFrameworksBuildPhase section */

/* Begin PBXGroup section */
		6EEDE3AE28E22EE6007C35DD = {
			isa = PBXGroup;
			children = (
				6EEDE3B928E22EE6007C35DD /* IOS-Calculator */,
				6EEDE3B828E22EE6007C35DD /* Products */,
			);
			sourceTree = "<group>";
		};
		6EEDE3B828E22EE6007C35DD /* Products */ = {
			isa = PBXGroup;
			children = (
				6EEDE3B728E22EE6007C35DD /* IOS-Calculator.app */,
			);
			name = Products;
			sourceTree = "<group>";
		};
		6EEDE3B928E22EE6007C35DD /* IOS-Calculator */ = {
			isa = PBXGroup;
			children = (
				6EEDE3BA28E22EE6007C35DD /* AppDelegate.swift */,
				6EEDE3D228E2331A007C35DD /* Util */,
				6EEDE3D128E23316007C35DD /* View */,
				6EEDE3D028E23311007C35DD /* Controller */,
				6EEDE3CF28E2330A007C35DD /* Moder */,
				6EEDE3CE28E22F79007C35DD /* Supporting Files */,
				6EEDE3C328E22EE9007C35DD /* Assets.xcassets */,
			);
			path = "IOS-Calculator";
			sourceTree = "<group>";
		};
		6EEDE3CE28E22F79007C35DD /* Supporting Files */ = {
			isa = PBXGroup;
			children = (
				6EEDE3C828E22EE9007C35DD /* Info.plist */,
			);
			path = "Supporting Files";
			sourceTree = "<group>";
		};
		6EEDE3CF28E2330A007C35DD /* Moder */ = {
			isa = PBXGroup;
			children = (
			);
			path = Moder;
			sourceTree = "<group>";
		};
		6EEDE3D028E23311007C35DD /* Controller */ = {
			isa = PBXGroup;
			children = (
				6EEDE3D628E233CD007C35DD /* Home */,
			);
			path = Controller;
			sourceTree = "<group>";
		};
		6EEDE3D128E23316007C35DD /* View */ = {
			isa = PBXGroup;
			children = (
				6EEDE3D528E233C3007C35DD /* Home */,
				6EEDE3D428E23355007C35DD /* Launch */,
			);
			path = View;
			sourceTree = "<group>";
		};
		6EEDE3D228E2331A007C35DD /* Util */ = {
			isa = PBXGroup;
			children = (
				6EEDE3DB28E38BA7007C35DD /* UIButtonExtension.swift */,
			);
			path = Util;
			sourceTree = "<group>";
		};
		6EEDE3D428E23355007C35DD /* Launch */ = {
			isa = PBXGroup;
			children = (
				6EEDE3C528E22EE9007C35DD /* LaunchScreen.storyboard */,
			);
			path = Launch;
			sourceTree = "<group>";
		};
		6EEDE3D528E233C3007C35DD /* Home */ = {
			isa = PBXGroup;
			children = (
				6EEDE3D828E233F5007C35DD /* HomeViewController.xib */,
			);
			path = Home;
			sourceTree = "<group>";
		};
		6EEDE3D628E233CD007C35DD /* Home */ = {
			isa = PBXGroup;
			children = (
				6EEDE3D728E233F5007C35DD /* HomeViewController.swift */,
			);
			path = Home;
			sourceTree = "<group>";
		};
/* End PBXGroup section */

/* Begin PBXNativeTarget section */
		6EEDE3B628E22EE6007C35DD /* IOS-Calculator */ = {
			isa = PBXNativeTarget;
			buildConfigurationList = 6EEDE3CB28E22EE9007C35DD /* Build configuration list for PBXNativeTarget "IOS-Calculator" */;
			buildPhases = (
				6EEDE3B328E22EE6007C35DD /* Sources */,
				6EEDE3B428E22EE6007C35DD /* Frameworks */,
				6EEDE3B528E22EE6007C35DD /* Resources */,
			);
			buildRules = (
			);
			dependencies = (
			);
			name = "IOS-Calculator";
			productName = "IOS-Calculator";
			productReference = 6EEDE3B728E22EE6007C35DD /* IOS-Calculator.app */;
			productType = "com.apple.product-type.application";
		};
/* End PBXNativeTarget section */

/* Begin PBXProject section */
		6EEDE3AF28E22EE6007C35DD /* Project object */ = {
			isa = PBXProject;
			attributes = {
				BuildIndependentTargetsInParallel = 1;
				LastSwiftUpdateCheck = 1340;
				LastUpgradeCheck = 1340;
				TargetAttributes = {
					6EEDE3B628E22EE6007C35DD = {
						CreatedOnToolsVersion = 13.4.1;
					};
				};
			};
			buildConfigurationList = 6EEDE3B228E22EE6007C35DD /* Build configuration list for PBXProject "IOS-Calculator" */;
			compatibilityVersion = "Xcode 13.0";
			developmentRegion = en;
			hasScannedForEncodings = 0;
			knownRegions = (
				en,
				Base,
			);
			mainGroup = 6EEDE3AE28E22EE6007C35DD;
			productRefGroup = 6EEDE3B828E22EE6007C35DD /* Products */;
			projectDirPath = "";
			projectRoot = "";
			targets = (
				6EEDE3B628E22EE6007C35DD /* IOS-Calculator */,
			);
		};
/* End PBXProject section */

/* Begin PBXResourcesBuildPhase section */
		6EEDE3B528E22EE6007C35DD /* Resources */ = {
			isa = PBXResourcesBuildPhase;
			buildActionMask = 2147483647;
			files = (
				6EEDE3C728E22EE9007C35DD /* LaunchScreen.storyboard in Resources */,
				6EEDE3C428E22EE9007C35DD /* Assets.xcassets in Resources */,
				6EEDE3DA28E233F5007C35DD /* HomeViewController.xib in Resources */,
			);
			runOnlyForDeploymentPostprocessing = 0;
		};
/* End PBXResourcesBuildPhase section */

/* Begin PBXSourcesBuildPhase section */
		6EEDE3B328E22EE6007C35DD /* Sources */ = {
			isa = PBXSourcesBuildPhase;
			buildActionMask = 2147483647;
			files = (
				6EEDE3BB28E22EE6007C35DD /* AppDelegate.swift in Sources */,
				6EEDE3D928E233F5007C35DD /* HomeViewController.swift in Sources */,
				6EEDE3DC28E38BA7007C35DD /* UIButtonExtension.swift in Sources */,
			);
			runOnlyForDeploymentPostprocessing = 0;
		};
/* End PBXSourcesBuildPhase section */

/* Begin PBXVariantGroup section */
		6EEDE3C528E22EE9007C35DD /* LaunchScreen.storyboard */ = {
			isa = PBXVariantGroup;
			children = (
				6EEDE3C628E22EE9007C35DD /* Base */,
			);
			name = LaunchScreen.storyboard;
			sourceTree = "<group>";
		};
/* End PBXVariantGroup section */

/* Begin XCBuildConfiguration section */
		6EEDE3C928E22EE9007C35DD /* Debug */ = {
			isa = XCBuildConfiguration;
			buildSettings = {
				ALWAYS_SEARCH_USER_PATHS = NO;
				CLANG_ANALYZER_NONNULL = YES;
				CLANG_ANALYZER_NUMBER_OBJECT_CONVERSION = YES_AGGRESSIVE;
				CLANG_CXX_LANGUAGE_STANDARD = "gnu++17";
				CLANG_ENABLE_MODULES = YES;
				CLANG_ENABLE_OBJC_ARC = YES;
				CLANG_ENABLE_OBJC_WEAK = YES;
				CLANG_WARN_BLOCK_CAPTURE_AUTORELEASING = YES;
				CLANG_WARN_BOOL_CONVERSION = YES;
				CLANG_WARN_COMMA = YES;
				CLANG_WARN_CONSTANT_CONVERSION = YES;
				CLANG_WARN_DEPRECATED_OBJC_IMPLEMENTATIONS = YES;
				CLANG_WARN_DIRECT_OBJC_ISA_USAGE = YES_ERROR;
				CLANG_WARN_DOCUMENTATION_COMMENTS = YES;
				CLANG_WARN_EMPTY_BODY = YES;
				CLANG_WARN_ENUM_CONVERSION = YES;
				CLANG_WARN_INFINITE_RECURSION = YES;
				CLANG_WARN_INT_CONVERSION = YES;
				CLANG_WARN_NON_LITERAL_NULL_CONVERSION = YES;
				CLANG_WARN_OBJC_IMPLICIT_RETAIN_SELF = YES;
				CLANG_WARN_OBJC_LITERAL_CONVERSION = YES;
				CLANG_WARN_OBJC_ROOT_CLASS = YES_ERROR;
				CLANG_WARN_QUOTED_INCLUDE_IN_FRAMEWORK_HEADER = YES;
				CLANG_WARN_RANGE_LOOP_ANALYSIS = YES;
				CLANG_WARN_STRICT_PROTOTYPES = YES;
				CLANG_WARN_SUSPICIOUS_MOVE = YES;
				CLANG_WARN_UNGUARDED_AVAILABILITY = YES_AGGRESSIVE;
				CLANG_WARN_UNREACHABLE_CODE = YES;
				CLANG_WARN__DUPLICATE_METHOD_MATCH = YES;
				COPY_PHASE_STRIP = NO;
				DEBUG_INFORMATION_FORMAT = dwarf;
				ENABLE_STRICT_OBJC_MSGSEND = YES;
				ENABLE_TESTABILITY = YES;
				GCC_C_LANGUAGE_STANDARD = gnu11;
				GCC_DYNAMIC_NO_PIC = NO;
				GCC_NO_COMMON_BLOCKS = YES;
				GCC_OPTIMIZATION_LEVEL = 0;
				GCC_PREPROCESSOR_DEFINITIONS = (
					"DEBUG=1",
					"$(inherited)",
				);
				GCC_WARN_64_TO_32_BIT_CONVERSION = YES;
				GCC_WARN_ABOUT_RETURN_TYPE = YES_ERROR;
				GCC_WARN_UNDECLARED_SELECTOR = YES;
				GCC_WARN_UNINITIALIZED_AUTOS = YES_AGGRESSIVE;
				GCC_WARN_UNUSED_FUNCTION = YES;
				GCC_WARN_UNUSED_VARIABLE = YES;
				IPHONEOS_DEPLOYMENT_TARGET = 15.5;
				MTL_ENABLE_DEBUG_INFO = INCLUDE_SOURCE;
				MTL_FAST_MATH = YES;
				ONLY_ACTIVE_ARCH = YES;
				SDKROOT = iphoneos;
				SWIFT_ACTIVE_COMPILATION_CONDITIONS = DEBUG;
				SWIFT_OPTIMIZATION_LEVEL = "-Onone";
			};
			name = Debug;
		};
		6EEDE3CA28E22EE9007C35DD /* Release */ = {
			isa = XCBuildConfiguration;
			buildSettings = {
				ALWAYS_SEARCH_USER_PATHS = NO;
				CLANG_ANALYZER_NONNULL = YES;
				CLANG_ANALYZER_NUMBER_OBJECT_CONVERSION = YES_AGGRESSIVE;
				CLANG_CXX_LANGUAGE_STANDARD = "gnu++17";
				CLANG_ENABLE_MODULES = YES;
				CLANG_ENABLE_OBJC_ARC = YES;
				CLANG_ENABLE_OBJC_WEAK = YES;
				CLANG_WARN_BLOCK_CAPTURE_AUTORELEASING = YES;
				CLANG_WARN_BOOL_CONVERSION = YES;
				CLANG_WARN_COMMA = YES;
				CLANG_WARN_CONSTANT_CONVERSION = YES;
				CLANG_WARN_DEPRECATED_OBJC_IMPLEMENTATIONS = YES;
				CLANG_WARN_DIRECT_OBJC_ISA_USAGE = YES_ERROR;
				CLANG_WARN_DOCUMENTATION_COMMENTS = YES;
				CLANG_WARN_EMPTY_BODY = YES;
				CLANG_WARN_ENUM_CONVERSION = YES;
				CLANG_WARN_INFINITE_RECURSION = YES;
				CLANG_WARN_INT_CONVERSION = YES;
				CLANG_WARN_NON_LITERAL_NULL_CONVERSION = YES;
				CLANG_WARN_OBJC_IMPLICIT_RETAIN_SELF = YES;
				CLANG_WARN_OBJC_LITERAL_CONVERSION = YES;
				CLANG_WARN_OBJC_ROOT_CLASS = YES_ERROR;
				CLANG_WARN_QUOTED_INCLUDE_IN_FRAMEWORK_HEADER = YES;
				CLANG_WARN_RANGE_LOOP_ANALYSIS = YES;
				CLANG_WARN_STRICT_PROTOTYPES = YES;
				CLANG_WARN_SUSPICIOUS_MOVE = YES;
				CLANG_WARN_UNGUARDED_AVAILABILITY = YES_AGGRESSIVE;
				CLANG_WARN_UNREACHABLE_CODE = YES;
				CLANG_WARN__DUPLICATE_METHOD_MATCH = YES;
				COPY_PHASE_STRIP = NO;
				DEBUG_INFORMATION_FORMAT = "dwarf-with-dsym";
				ENABLE_NS_ASSERTIONS = NO;
				ENABLE_STRICT_OBJC_MSGSEND = YES;
				GCC_C_LANGUAGE_STANDARD = gnu11;
				GCC_NO_COMMON_BLOCKS = YES;
				GCC_WARN_64_TO_32_BIT_CONVERSION = YES;
				GCC_WARN_ABOUT_RETURN_TYPE = YES_ERROR;
				GCC_WARN_UNDECLARED_SELECTOR = YES;
				GCC_WARN_UNINITIALIZED_AUTOS = YES_AGGRESSIVE;
				GCC_WARN_UNUSED_FUNCTION = YES;
				GCC_WARN_UNUSED_VARIABLE = YES;
				IPHONEOS_DEPLOYMENT_TARGET = 15.5;
				MTL_ENABLE_DEBUG_INFO = NO;
				MTL_FAST_MATH = YES;
				SDKROOT = iphoneos;
				SWIFT_COMPILATION_MODE = wholemodule;
				SWIFT_OPTIMIZATION_LEVEL = "-O";
				VALIDATE_PRODUCT = YES;
			};
			name = Release;
		};
		6EEDE3CC28E22EE9007C35DD /* Debug */ = {
			isa = XCBuildConfiguration;
			buildSettings = {
				ASSETCATALOG_COMPILER_APPICON_NAME = AppIcon;
				ASSETCATALOG_COMPILER_GLOBAL_ACCENT_COLOR_NAME = AccentColor;
				CODE_SIGN_STYLE = Automatic;
				CURRENT_PROJECT_VERSION = 1;
				DEVELOPMENT_TEAM = MZJ94ZA8T8;
				GENERATE_INFOPLIST_FILE = YES;
				INFOPLIST_FILE = "IOS-Calculator/Supporting Files/Info.plist";
				INFOPLIST_KEY_CFBundleDisplayName = "IOS Calculator";
				INFOPLIST_KEY_UIApplicationSupportsIndirectInputEvents = YES;
				INFOPLIST_KEY_UILaunchStoryboardName = LaunchScreen;
				INFOPLIST_KEY_UISupportedInterfaceOrientations = "UIInterfaceOrientationPortrait UIInterfaceOrientationLandscapeLeft UIInterfaceOrientationLandscapeRight";
				INFOPLIST_KEY_UISupportedInterfaceOrientations_iPad = "UIInterfaceOrientationPortrait UIInterfaceOrientationPortraitUpsideDown UIInterfaceOrientationLandscapeLeft UIInterfaceOrientationLandscapeRight";
				INFOPLIST_KEY_UISupportedInterfaceOrientations_iPhone = "UIInterfaceOrientationPortrait UIInterfaceOrientationLandscapeLeft UIInterfaceOrientationLandscapeRight";
				IPHONEOS_DEPLOYMENT_TARGET = 14.0;
				LD_RUNPATH_SEARCH_PATHS = (
					"$(inherited)",
					"@executable_path/Frameworks",
				);
				MARKETING_VERSION = 1.0;
				PRODUCT_BUNDLE_IDENTIFIER = "Navegacio-n.IOS-Calculator";
				PRODUCT_NAME = "$(TARGET_NAME)";
				SWIFT_EMIT_LOC_STRINGS = YES;
				SWIFT_VERSION = 5.0;
				TARGETED_DEVICE_FAMILY = "1,2";
			};
			name = Debug;
		};
		6EEDE3CD28E22EE9007C35DD /* Release */ = {
			isa = XCBuildConfiguration;
			buildSettings = {
				ASSETCATALOG_COMPILER_APPICON_NAME = AppIcon;
				ASSETCATALOG_COMPILER_GLOBAL_ACCENT_COLOR_NAME = AccentColor;
				CODE_SIGN_STYLE = Automatic;
				CURRENT_PROJECT_VERSION = 1;
				DEVELOPMENT_TEAM = MZJ94ZA8T8;
				GENERATE_INFOPLIST_FILE = YES;
				INFOPLIST_FILE = "IOS-Calculator/Supporting Files/Info.plist";
				INFOPLIST_KEY_CFBundleDisplayName = "IOS Calculator";
				INFOPLIST_KEY_UIApplicationSupportsIndirectInputEvents = YES;
				INFOPLIST_KEY_UILaunchStoryboardName = LaunchScreen;
				INFOPLIST_KEY_UISupportedInterfaceOrientations = "UIInterfaceOrientationPortrait UIInterfaceOrientationLandscapeLeft UIInterfaceOrientationLandscapeRight";
				INFOPLIST_KEY_UISupportedInterfaceOrientations_iPad = "UIInterfaceOrientationPortrait UIInterfaceOrientationPortraitUpsideDown UIInterfaceOrientationLandscapeLeft UIInterfaceOrientationLandscapeRight";
				INFOPLIST_KEY_UISupportedInterfaceOrientations_iPhone = "UIInterfaceOrientationPortrait UIInterfaceOrientationLandscapeLeft UIInterfaceOrientationLandscapeRight";
				IPHONEOS_DEPLOYMENT_TARGET = 14.0;
				LD_RUNPATH_SEARCH_PATHS = (
					"$(inherited)",
					"@executable_path/Frameworks",
				);
				MARKETING_VERSION = 1.0;
				PRODUCT_BUNDLE_IDENTIFIER = "Navegacio-n.IOS-Calculator";
				PRODUCT_NAME = "$(TARGET_NAME)";
				SWIFT_EMIT_LOC_STRINGS = YES;
				SWIFT_VERSION = 5.0;
				TARGETED_DEVICE_FAMILY = "1,2";
			};
			name = Release;
		};
/* End XCBuildConfiguration section */

/* Begin XCConfigurationList section */
		6EEDE3B228E22EE6007C35DD /* Build configuration list for PBXProject "IOS-Calculator" */ = {
			isa = XCConfigurationList;
			buildConfigurations = (
				6EEDE3C928E22EE9007C35DD /* Debug */,
				6EEDE3CA28E22EE9007C35DD /* Release */,
			);
			defaultConfigurationIsVisible = 0;
			defaultConfigurationName = Release;
		};
		6EEDE3CB28E22EE9007C35DD /* Build configuration list for PBXNativeTarget "IOS-Calculator" */ = {
			isa = XCConfigurationList;
			buildConfigurations = (
				6EEDE3CC28E22EE9007C35DD /* Debug */,
				6EEDE3CD28E22EE9007C35DD /* Release */,
			);
			defaultConfigurationIsVisible = 0;
			defaultConfigurationName = Release;
		};
/* End XCConfigurationList section */
	};
	rootObject = 6EEDE3AF28E22EE6007C35DD /* Project object */;
}
